{
  "name": "couchreplicate",
  "version": "2.0.1",
  "lockfileVersion": 2,
  "requires": true,
  "packages": {
    "": {
      "name": "couchreplicate",
      "version": "2.0.1",
      "license": "Apache-2.0",
      "dependencies": {
        "ccurllib": "^4.0.3",
        "qrate": "^2.0.1"
      },
      "bin": {
        "couchreplicate": "bin/couchreplicate.js"
      }
    },
    "node_modules/ccurllib": {
      "version": "4.0.3",
      "resolved": "https://registry.npmjs.org/ccurllib/-/ccurllib-4.0.3.tgz",
      "integrity": "sha512-mxgRXdwUd4fRonJsSexXCEudaCEH66ql3GmLLgUv8iIFo7ZZyCB3e9ot7yg4C9hOAodVlSxrQp6DXQvC4bC6mQ==",
      "license": "Apache-2.0"
    },
    "node_modules/qrate": {
      "version": "2.0.1",
      "resolved": "https://registry.npmjs.org/qrate/-/qrate-2.0.1.tgz",
      "integrity": "sha512-LEpgjFJTrTmNSDdpSi6sQftSV16idmx9oP4NOM0OQjA3pIAUc2YwcMNM8MiN7qX1xOl4zvE6sKq7mgSDHRFAdw==",
      "license": "Apache-2.0"
    }
  },
  "dependencies": {
    "ccurllib": {
      "version": "4.0.3",
      "resolved": "https://registry.npmjs.org/ccurllib/-/ccurllib-4.0.3.tgz",
      "integrity": "sha512-mxgRXdwUd4fRonJsSexXCEudaCEH66ql3GmLLgUv8iIFo7ZZyCB3e9ot7yg4C9hOAodVlSxrQp6DXQvC4bC6mQ=="
    },
    "qrate": {
      "version": "2.0.1",
      "resolved": "https://registry.npmjs.org/qrate/-/qrate-2.0.1.tgz",
      "integrity": "sha512-LEpgjFJTrTmNSDdpSi6sQftSV16idmx9oP4NOM0OQjA3pIAUc2YwcMNM8MiN7qX1xOl4zvE6sKq7mgSDHRFAdw=="
    }
  }
}
